
Microsoft Visual Studio Solution File, Format Version 12.00
# Visual Studio Version 17
VisualStudioVersion = 17.13.35825.156 d17.13
MinimumVisualStudioVersion = 10.0.40219.1
Project("{FAE04EC0-301F-11D3-BF4B-00C04F79EFBC}") = "4Gewinnt", "4Gewinnt\4Gewinnt.csproj", "{B144FC3B-65C4-4B67-91D4-E38E5FA87FA2}"
EndProject
Global
	GlobalSection(SolutionConfigurationPlatforms) = preSolution
		Debug|Any CPU = Debug|Any CPU
		Release|Any CPU = Release|Any CPU
	EndGlobalSection
	GlobalSection(ProjectConfigurationPlatforms) = postSolution
		{B144FC3B-65C4-4B67-91D4-E38E5FA87FA2}.Debug|Any CPU.ActiveCfg = Debug|Any CPU
		{B144FC3B-65C4-4B67-91D4-E38E5FA87FA2}.Debug|Any CPU.Build.0 = Debug|Any CPU
		{B144FC3B-65C4-4B67-91D4-E38E5FA87FA2}.Release|Any CPU.ActiveCfg = Release|Any CPU
		{B144FC3B-65C4-4B67-91D4-E38E5FA87FA2}.Release|Any CPU.Build.0 = Release|Any CPU
	EndGlobalSection
	GlobalSection(SolutionProperties) = preSolution
		HideSolutionNode = FALSE
	EndGlobalSection
	GlobalSection(ExtensibilityGlobals) = postSolution
		SolutionGuid = {6A36AAAB-0BFE-42F2-9FB4-E07BB2BC2CAB}
	EndGlobalSection
EndGlobal
